
Microsoft Visual Studio Solution File, Format Version 12.00
# Visual Studio Version 16
VisualStudioVersion = 16.0.31729.503
MinimumVisualStudioVersion = 10.0.40219.1
Project("{2150E333-8FDC-42A3-9474-1A3956D46DE8}") = "ShopManagement", "ShopManagement", "{D994B2DE-620A-4257-84C4-D5253DDE859D}"
EndProject
Project("{2150E333-8FDC-42A3-9474-1A3956D46DE8}") = "SM.Domain", "SM.Domain", "{CA657641-B442-45A8-A332-D8F30EE8E9EA}"
EndProject
Project("{9A19103F-16F7-4668-BE54-9A1E7A4F7556}") = "ShopManagement.Domain", "ShopManagement.Domain\ShopManagement.Domain.csproj", "{EB77BA06-4A00-4381-975F-C427E5B71E97}"
EndProject
Project("{9A19103F-16F7-4668-BE54-9A1E7A4F7556}") = "0_Framework", "0_Framework\0_Framework.csproj", "{DAE4E7EA-48B1-46FF-B5D3-05A71E81B0FC}"
EndProject
Project("{2150E333-8FDC-42A3-9474-1A3956D46DE8}") = "SM.Application", "SM.Application", "{EA0FFCAD-96FE-4160-A47E-EA6695108CEF}"
EndProject
Project("{9A19103F-16F7-4668-BE54-9A1E7A4F7556}") = "ShopManagement.Application.Contracts", "ShopManagement.Application.Contracts\ShopManagement.Application.Contracts.csproj", "{E3C840F7-7CA5-45BB-8A08-D3CC4F074EA1}"
EndProject
Project("{9A19103F-16F7-4668-BE54-9A1E7A4F7556}") = "ShopManagement.Application", "ShopManagement.Application\ShopManagement.Application.csproj", "{9138F673-0F6E-48ED-AEB5-CD14547398CA}"
EndProject
Project("{2150E333-8FDC-42A3-9474-1A3956D46DE8}") = "SM.Infrastructure", "SM.Infrastructure", "{D1DA14D5-F43A-4CC0-82FB-2542CB3FAEA8}"
EndProject
Project("{9A19103F-16F7-4668-BE54-9A1E7A4F7556}") = "ShopManagement.Infrastructure.EFCore", "ShopManagement.Infrastructure.EFCore\ShopManagement.Infrastructure.EFCore.csproj", "{3E32D9CE-44E7-4178-A504-909BC934C5FD}"
EndProject
Project("{9A19103F-16F7-4668-BE54-9A1E7A4F7556}") = "ShopManagement.Configuration", "ShopManagement.Configuration\ShopManagement.Configuration.csproj", "{AF1897FB-6A84-4FE4-A9EF-BFDA49E3E5D3}"
EndProject
Project("{9A19103F-16F7-4668-BE54-9A1E7A4F7556}") = "ServiceHost", "ServiceHost\ServiceHost.csproj", "{E812EAFC-A7FA-4FC8-BA68-69AE001CDA70}"
EndProject
Project("{9A19103F-16F7-4668-BE54-9A1E7A4F7556}") = "01_RemalQuery", "01_RemalQuery\01_RemalQuery.csproj", "{605C6A9A-FED0-4AA9-96ED-0A17A91B4371}"
EndProject
Project("{2150E333-8FDC-42A3-9474-1A3956D46DE8}") = "DiscountManagement", "DiscountManagement", "{11EEA971-404E-4670-93EA-6746F7D404BC}"
EndProject
Project("{2150E333-8FDC-42A3-9474-1A3956D46DE8}") = "DM.Domain", "DM.Domain", "{20BB476A-8B4F-4782-84BD-99B4F02A5F6D}"
EndProject
Project("{9A19103F-16F7-4668-BE54-9A1E7A4F7556}") = "DiscountManagement.Domain", "DiscountManagement.Domain\DiscountManagement.Domain.csproj", "{BED0CAE9-F024-46CE-8BED-F3DC0CF257D3}"
EndProject
Project("{2150E333-8FDC-42A3-9474-1A3956D46DE8}") = "DM.Application", "DM.Application", "{2261CF49-4166-4DF4-82C3-2C7EFC48B86F}"
EndProject
Project("{9A19103F-16F7-4668-BE54-9A1E7A4F7556}") = "DiscountManagement.Application.Contract", "DiscountManagement.Application.Contract\DiscountManagement.Application.Contract.csproj", "{9ED7E438-2DD7-4CCF-98D7-7BB3917D2A72}"
EndProject
Project("{9A19103F-16F7-4668-BE54-9A1E7A4F7556}") = "DiscountManagement.Application", "DiscountManagement.Application\DiscountManagement.Application.csproj", "{5034DE37-2B00-4485-8D4C-44FD6906DC1D}"
EndProject
Project("{2150E333-8FDC-42A3-9474-1A3956D46DE8}") = "DM.Infrastructure", "DM.Infrastructure", "{8070C8F8-D6BC-43A0-9B0B-6526A43ECE4F}"
EndProject
Project("{9A19103F-16F7-4668-BE54-9A1E7A4F7556}") = "DiscountManagement.Infrastructure.EFCore", "DiscountManagement.Infrastructure.EFCore\DiscountManagement.Infrastructure.EFCore.csproj", "{98A99F70-D4A1-4BA7-99C2-5856873D63B0}"
EndProject
Project("{9A19103F-16F7-4668-BE54-9A1E7A4F7556}") = "DiscountManagement.Configuration", "DiscountManagement.Configuration\DiscountManagement.Configuration.csproj", "{108D4B78-3DB7-4295-8F1E-9D229C1C04AA}"
EndProject
Project("{2150E333-8FDC-42A3-9474-1A3956D46DE8}") = "InventoryManagement", "InventoryManagement", "{8F976B96-9546-4539-9F63-1CC77867FCF5}"
EndProject
Project("{2150E333-8FDC-42A3-9474-1A3956D46DE8}") = "IM.Domain", "IM.Domain", "{EBF58388-9CD6-4A98-9119-12092458D18F}"
EndProject
Project("{9A19103F-16F7-4668-BE54-9A1E7A4F7556}") = "InventoryManagement.Domain", "InventoryManagement.Domain\InventoryManagement.Domain.csproj", "{B85C8373-8808-477B-B7E0-C6CB3E8CB28F}"
EndProject
Project("{2150E333-8FDC-42A3-9474-1A3956D46DE8}") = "IM.Application", "IM.Application", "{8861BD1A-D663-4E6D-A803-E3070C62187C}"
EndProject
Project("{9A19103F-16F7-4668-BE54-9A1E7A4F7556}") = "InventoryManagement.Application.Contract", "InventoryManagement.Application.Contract\InventoryManagement.Application.Contract.csproj", "{7CECD2FF-9420-4041-A0AB-808668B7BDD1}"
EndProject
Project("{2150E333-8FDC-42A3-9474-1A3956D46DE8}") = "IM.Infrastructure", "IM.Infrastructure", "{6A53E8DC-68B3-4B79-B07C-3DE37B571C8A}"
EndProject
Project("{9A19103F-16F7-4668-BE54-9A1E7A4F7556}") = "InventoryMangement.Infrastructure.EFCore", "InventoryMangement.Infrastructure.EFCore\InventoryMangement.Infrastructure.EFCore.csproj", "{DF3B21D3-8D02-4A00-9CF9-5CA621AF2855}"
EndProject
Project("{9A19103F-16F7-4668-BE54-9A1E7A4F7556}") = "InventoryManagement.Infrastructure.Configuration", "InventoryManagement.Infrastructure.Configuration\InventoryManagement.Infrastructure.Configuration.csproj", "{0EE6D44B-9946-4B74-B3C4-836CFB35B33E}"
EndProject
Project("{9A19103F-16F7-4668-BE54-9A1E7A4F7556}") = "InventoryManagement.Application", "InventoryManagement.Application\InventoryManagement.Application.csproj", "{3A0D99C6-E6D0-45FE-A4C3-293F8847FC11}"
EndProject
Project("{2150E333-8FDC-42A3-9474-1A3956D46DE8}") = "BlogManagement", "BlogManagement", "{1467B3CA-37EE-4E3A-986C-EBD58D65709E}"
EndProject
Project("{2150E333-8FDC-42A3-9474-1A3956D46DE8}") = "BM.Domain", "BM.Domain", "{C4FB785B-00D3-40FB-9841-A32AA93ABC3A}"
EndProject
Project("{9A19103F-16F7-4668-BE54-9A1E7A4F7556}") = "BlogManagement.Domain", "BlogManagement.Domain\BlogManagement.Domain.csproj", "{6143547B-7DF8-4D42-B7C0-2CDC6CEA2074}"
EndProject
Project("{2150E333-8FDC-42A3-9474-1A3956D46DE8}") = "BM.Application", "BM.Application", "{09B8BECD-BF13-4AF8-8F77-2EDEFDE3A937}"
EndProject
Project("{9A19103F-16F7-4668-BE54-9A1E7A4F7556}") = "BlogManagement.Application.Contracts", "BlogManagement.Application.Contracts\BlogManagement.Application.Contracts.csproj", "{593FEFF7-16A7-41B7-8166-359542D019D2}"
EndProject
Project("{9A19103F-16F7-4668-BE54-9A1E7A4F7556}") = "BlogManagement.Application", "BlogManagement.Application\BlogManagement.Application.csproj", "{8698A122-A5BB-40D2-B477-C932A8B9FB50}"
EndProject
Project("{2150E333-8FDC-42A3-9474-1A3956D46DE8}") = "BM.Infrastructure", "BM.Infrastructure", "{B9C1952B-32CF-4082-B1DE-9E6D3BEDCDFD}"
EndProject
Project("{9A19103F-16F7-4668-BE54-9A1E7A4F7556}") = "BlogManagement.Infrastructure.EFCore", "BlogManagement.Infrastructure.EFCore\BlogManagement.Infrastructure.EFCore.csproj", "{BE31360D-EB48-4C92-B2FC-B3A50545D198}"
EndProject
Project("{9A19103F-16F7-4668-BE54-9A1E7A4F7556}") = "BlogManagement.Infrastructure.Configuration", "BlogManagement.Infrastructure.Configuration\BlogManagement.Infrastructure.Configuration.csproj", "{03C0E2AF-BF6C-432C-B721-8506DE0937BC}"
EndProject
Global
	GlobalSection(SolutionConfigurationPlatforms) = preSolution
		Debug|Any CPU = Debug|Any CPU
		Release|Any CPU = Release|Any CPU
	EndGlobalSection
	GlobalSection(ProjectConfigurationPlatforms) = postSolution
		{EB77BA06-4A00-4381-975F-C427E5B71E97}.Debug|Any CPU.ActiveCfg = Debug|Any CPU
		{EB77BA06-4A00-4381-975F-C427E5B71E97}.Debug|Any CPU.Build.0 = Debug|Any CPU
		{EB77BA06-4A00-4381-975F-C427E5B71E97}.Release|Any CPU.ActiveCfg = Release|Any CPU
		{EB77BA06-4A00-4381-975F-C427E5B71E97}.Release|Any CPU.Build.0 = Release|Any CPU
		{DAE4E7EA-48B1-46FF-B5D3-05A71E81B0FC}.Debug|Any CPU.ActiveCfg = Debug|Any CPU
		{DAE4E7EA-48B1-46FF-B5D3-05A71E81B0FC}.Debug|Any CPU.Build.0 = Debug|Any CPU
		{DAE4E7EA-48B1-46FF-B5D3-05A71E81B0FC}.Release|Any CPU.ActiveCfg = Release|Any CPU
		{DAE4E7EA-48B1-46FF-B5D3-05A71E81B0FC}.Release|Any CPU.Build.0 = Release|Any CPU
		{E3C840F7-7CA5-45BB-8A08-D3CC4F074EA1}.Debug|Any CPU.ActiveCfg = Debug|Any CPU
		{E3C840F7-7CA5-45BB-8A08-D3CC4F074EA1}.Debug|Any CPU.Build.0 = Debug|Any CPU
		{E3C840F7-7CA5-45BB-8A08-D3CC4F074EA1}.Release|Any CPU.ActiveCfg = Release|Any CPU
		{E3C840F7-7CA5-45BB-8A08-D3CC4F074EA1}.Release|Any CPU.Build.0 = Release|Any CPU
		{9138F673-0F6E-48ED-AEB5-CD14547398CA}.Debug|Any CPU.ActiveCfg = Debug|Any CPU
		{9138F673-0F6E-48ED-AEB5-CD14547398CA}.Debug|Any CPU.Build.0 = Debug|Any CPU
		{9138F673-0F6E-48ED-AEB5-CD14547398CA}.Release|Any CPU.ActiveCfg = Release|Any CPU
		{9138F673-0F6E-48ED-AEB5-CD14547398CA}.Release|Any CPU.Build.0 = Release|Any CPU
		{3E32D9CE-44E7-4178-A504-909BC934C5FD}.Debug|Any CPU.ActiveCfg = Debug|Any CPU
		{3E32D9CE-44E7-4178-A504-909BC934C5FD}.Debug|Any CPU.Build.0 = Debug|Any CPU
		{3E32D9CE-44E7-4178-A504-909BC934C5FD}.Release|Any CPU.ActiveCfg = Release|Any CPU
		{3E32D9CE-44E7-4178-A504-909BC934C5FD}.Release|Any CPU.Build.0 = Release|Any CPU
		{AF1897FB-6A84-4FE4-A9EF-BFDA49E3E5D3}.Debug|Any CPU.ActiveCfg = Debug|Any CPU
		{AF1897FB-6A84-4FE4-A9EF-BFDA49E3E5D3}.Debug|Any CPU.Build.0 = Debug|Any CPU
		{AF1897FB-6A84-4FE4-A9EF-BFDA49E3E5D3}.Release|Any CPU.ActiveCfg = Release|Any CPU
		{AF1897FB-6A84-4FE4-A9EF-BFDA49E3E5D3}.Release|Any CPU.Build.0 = Release|Any CPU
		{E812EAFC-A7FA-4FC8-BA68-69AE001CDA70}.Debug|Any CPU.ActiveCfg = Debug|Any CPU
		{E812EAFC-A7FA-4FC8-BA68-69AE001CDA70}.Debug|Any CPU.Build.0 = Debug|Any CPU
		{E812EAFC-A7FA-4FC8-BA68-69AE001CDA70}.Release|Any CPU.ActiveCfg = Release|Any CPU
		{E812EAFC-A7FA-4FC8-BA68-69AE001CDA70}.Release|Any CPU.Build.0 = Release|Any CPU
		{605C6A9A-FED0-4AA9-96ED-0A17A91B4371}.Debug|Any CPU.ActiveCfg = Debug|Any CPU
		{605C6A9A-FED0-4AA9-96ED-0A17A91B4371}.Debug|Any CPU.Build.0 = Debug|Any CPU
		{605C6A9A-FED0-4AA9-96ED-0A17A91B4371}.Release|Any CPU.ActiveCfg = Release|Any CPU
		{605C6A9A-FED0-4AA9-96ED-0A17A91B4371}.Release|Any CPU.Build.0 = Release|Any CPU
		{BED0CAE9-F024-46CE-8BED-F3DC0CF257D3}.Debug|Any CPU.ActiveCfg = Debug|Any CPU
		{BED0CAE9-F024-46CE-8BED-F3DC0CF257D3}.Debug|Any CPU.Build.0 = Debug|Any CPU
		{BED0CAE9-F024-46CE-8BED-F3DC0CF257D3}.Release|Any CPU.ActiveCfg = Release|Any CPU
		{BED0CAE9-F024-46CE-8BED-F3DC0CF257D3}.Release|Any CPU.Build.0 = Release|Any CPU
		{9ED7E438-2DD7-4CCF-98D7-7BB3917D2A72}.Debug|Any CPU.ActiveCfg = Debug|Any CPU
		{9ED7E438-2DD7-4CCF-98D7-7BB3917D2A72}.Debug|Any CPU.Build.0 = Debug|Any CPU
		{9ED7E438-2DD7-4CCF-98D7-7BB3917D2A72}.Release|Any CPU.ActiveCfg = Release|Any CPU
		{9ED7E438-2DD7-4CCF-98D7-7BB3917D2A72}.Release|Any CPU.Build.0 = Release|Any CPU
		{5034DE37-2B00-4485-8D4C-44FD6906DC1D}.Debug|Any CPU.ActiveCfg = Debug|Any CPU
		{5034DE37-2B00-4485-8D4C-44FD6906DC1D}.Debug|Any CPU.Build.0 = Debug|Any CPU
		{5034DE37-2B00-4485-8D4C-44FD6906DC1D}.Release|Any CPU.ActiveCfg = Release|Any CPU
		{5034DE37-2B00-4485-8D4C-44FD6906DC1D}.Release|Any CPU.Build.0 = Release|Any CPU
		{98A99F70-D4A1-4BA7-99C2-5856873D63B0}.Debug|Any CPU.ActiveCfg = Debug|Any CPU
		{98A99F70-D4A1-4BA7-99C2-5856873D63B0}.Debug|Any CPU.Build.0 = Debug|Any CPU
		{98A99F70-D4A1-4BA7-99C2-5856873D63B0}.Release|Any CPU.ActiveCfg = Release|Any CPU
		{98A99F70-D4A1-4BA7-99C2-5856873D63B0}.Release|Any CPU.Build.0 = Release|Any CPU
		{108D4B78-3DB7-4295-8F1E-9D229C1C04AA}.Debug|Any CPU.ActiveCfg = Debug|Any CPU
		{108D4B78-3DB7-4295-8F1E-9D229C1C04AA}.Debug|Any CPU.Build.0 = Debug|Any CPU
		{108D4B78-3DB7-4295-8F1E-9D229C1C04AA}.Release|Any CPU.ActiveCfg = Release|Any CPU
		{108D4B78-3DB7-4295-8F1E-9D229C1C04AA}.Release|Any CPU.Build.0 = Release|Any CPU
		{B85C8373-8808-477B-B7E0-C6CB3E8CB28F}.Debug|Any CPU.ActiveCfg = Debug|Any CPU
		{B85C8373-8808-477B-B7E0-C6CB3E8CB28F}.Debug|Any CPU.Build.0 = Debug|Any CPU
		{B85C8373-8808-477B-B7E0-C6CB3E8CB28F}.Release|Any CPU.ActiveCfg = Release|Any CPU
		{B85C8373-8808-477B-B7E0-C6CB3E8CB28F}.Release|Any CPU.Build.0 = Release|Any CPU
		{7CECD2FF-9420-4041-A0AB-808668B7BDD1}.Debug|Any CPU.ActiveCfg = Debug|Any CPU
		{7CECD2FF-9420-4041-A0AB-808668B7BDD1}.Debug|Any CPU.Build.0 = Debug|Any CPU
		{7CECD2FF-9420-4041-A0AB-808668B7BDD1}.Release|Any CPU.ActiveCfg = Release|Any CPU
		{7CECD2FF-9420-4041-A0AB-808668B7BDD1}.Release|Any CPU.Build.0 = Release|Any CPU
		{DF3B21D3-8D02-4A00-9CF9-5CA621AF2855}.Debug|Any CPU.ActiveCfg = Debug|Any CPU
		{DF3B21D3-8D02-4A00-9CF9-5CA621AF2855}.Debug|Any CPU.Build.0 = Debug|Any CPU
		{DF3B21D3-8D02-4A00-9CF9-5CA621AF2855}.Release|Any CPU.ActiveCfg = Release|Any CPU
		{DF3B21D3-8D02-4A00-9CF9-5CA621AF2855}.Release|Any CPU.Build.0 = Release|Any CPU
		{0EE6D44B-9946-4B74-B3C4-836CFB35B33E}.Debug|Any CPU.ActiveCfg = Debug|Any CPU
		{0EE6D44B-9946-4B74-B3C4-836CFB35B33E}.Debug|Any CPU.Build.0 = Debug|Any CPU
		{0EE6D44B-9946-4B74-B3C4-836CFB35B33E}.Release|Any CPU.ActiveCfg = Release|Any CPU
		{0EE6D44B-9946-4B74-B3C4-836CFB35B33E}.Release|Any CPU.Build.0 = Release|Any CPU
		{3A0D99C6-E6D0-45FE-A4C3-293F8847FC11}.Debug|Any CPU.ActiveCfg = Debug|Any CPU
		{3A0D99C6-E6D0-45FE-A4C3-293F8847FC11}.Debug|Any CPU.Build.0 = Debug|Any CPU
		{3A0D99C6-E6D0-45FE-A4C3-293F8847FC11}.Release|Any CPU.ActiveCfg = Release|Any CPU
		{3A0D99C6-E6D0-45FE-A4C3-293F8847FC11}.Release|Any CPU.Build.0 = Release|Any CPU
		{6143547B-7DF8-4D42-B7C0-2CDC6CEA2074}.Debug|Any CPU.ActiveCfg = Debug|Any CPU
		{6143547B-7DF8-4D42-B7C0-2CDC6CEA2074}.Debug|Any CPU.Build.0 = Debug|Any CPU
		{6143547B-7DF8-4D42-B7C0-2CDC6CEA2074}.Release|Any CPU.ActiveCfg = Release|Any CPU
		{6143547B-7DF8-4D42-B7C0-2CDC6CEA2074}.Release|Any CPU.Build.0 = Release|Any CPU
		{593FEFF7-16A7-41B7-8166-359542D019D2}.Debug|Any CPU.ActiveCfg = Debug|Any CPU
		{593FEFF7-16A7-41B7-8166-359542D019D2}.Debug|Any CPU.Build.0 = Debug|Any CPU
		{593FEFF7-16A7-41B7-8166-359542D019D2}.Release|Any CPU.ActiveCfg = Release|Any CPU
		{593FEFF7-16A7-41B7-8166-359542D019D2}.Release|Any CPU.Build.0 = Release|Any CPU
		{8698A122-A5BB-40D2-B477-C932A8B9FB50}.Debug|Any CPU.ActiveCfg = Debug|Any CPU
		{8698A122-A5BB-40D2-B477-C932A8B9FB50}.Debug|Any CPU.Build.0 = Debug|Any CPU
		{8698A122-A5BB-40D2-B477-C932A8B9FB50}.Release|Any CPU.ActiveCfg = Release|Any CPU
		{8698A122-A5BB-40D2-B477-C932A8B9FB50}.Release|Any CPU.Build.0 = Release|Any CPU
		{BE31360D-EB48-4C92-B2FC-B3A50545D198}.Debug|Any CPU.ActiveCfg = Debug|Any CPU
		{BE31360D-EB48-4C92-B2FC-B3A50545D198}.Debug|Any CPU.Build.0 = Debug|Any CPU
		{BE31360D-EB48-4C92-B2FC-B3A50545D198}.Release|Any CPU.ActiveCfg = Release|Any CPU
		{BE31360D-EB48-4C92-B2FC-B3A50545D198}.Release|Any CPU.Build.0 = Release|Any CPU
		{03C0E2AF-BF6C-432C-B721-8506DE0937BC}.Debug|Any CPU.ActiveCfg = Debug|Any CPU
		{03C0E2AF-BF6C-432C-B721-8506DE0937BC}.Debug|Any CPU.Build.0 = Debug|Any CPU
		{03C0E2AF-BF6C-432C-B721-8506DE0937BC}.Release|Any CPU.ActiveCfg = Release|Any CPU
		{03C0E2AF-BF6C-432C-B721-8506DE0937BC}.Release|Any CPU.Build.0 = Release|Any CPU
	EndGlobalSection
	GlobalSection(SolutionProperties) = preSolution
		HideSolutionNode = FALSE
	EndGlobalSection
	GlobalSection(NestedProjects) = preSolution
		{CA657641-B442-45A8-A332-D8F30EE8E9EA} = {D994B2DE-620A-4257-84C4-D5253DDE859D}
		{EB77BA06-4A00-4381-975F-C427E5B71E97} = {CA657641-B442-45A8-A332-D8F30EE8E9EA}
		{EA0FFCAD-96FE-4160-A47E-EA6695108CEF} = {D994B2DE-620A-4257-84C4-D5253DDE859D}
		{E3C840F7-7CA5-45BB-8A08-D3CC4F074EA1} = {EA0FFCAD-96FE-4160-A47E-EA6695108CEF}
		{9138F673-0F6E-48ED-AEB5-CD14547398CA} = {EA0FFCAD-96FE-4160-A47E-EA6695108CEF}
		{D1DA14D5-F43A-4CC0-82FB-2542CB3FAEA8} = {D994B2DE-620A-4257-84C4-D5253DDE859D}
		{3E32D9CE-44E7-4178-A504-909BC934C5FD} = {D1DA14D5-F43A-4CC0-82FB-2542CB3FAEA8}
		{AF1897FB-6A84-4FE4-A9EF-BFDA49E3E5D3} = {D1DA14D5-F43A-4CC0-82FB-2542CB3FAEA8}
		{20BB476A-8B4F-4782-84BD-99B4F02A5F6D} = {11EEA971-404E-4670-93EA-6746F7D404BC}
		{BED0CAE9-F024-46CE-8BED-F3DC0CF257D3} = {20BB476A-8B4F-4782-84BD-99B4F02A5F6D}
		{2261CF49-4166-4DF4-82C3-2C7EFC48B86F} = {11EEA971-404E-4670-93EA-6746F7D404BC}
		{9ED7E438-2DD7-4CCF-98D7-7BB3917D2A72} = {2261CF49-4166-4DF4-82C3-2C7EFC48B86F}
		{5034DE37-2B00-4485-8D4C-44FD6906DC1D} = {2261CF49-4166-4DF4-82C3-2C7EFC48B86F}
		{8070C8F8-D6BC-43A0-9B0B-6526A43ECE4F} = {11EEA971-404E-4670-93EA-6746F7D404BC}
		{98A99F70-D4A1-4BA7-99C2-5856873D63B0} = {8070C8F8-D6BC-43A0-9B0B-6526A43ECE4F}
		{108D4B78-3DB7-4295-8F1E-9D229C1C04AA} = {8070C8F8-D6BC-43A0-9B0B-6526A43ECE4F}
		{EBF58388-9CD6-4A98-9119-12092458D18F} = {8F976B96-9546-4539-9F63-1CC77867FCF5}
		{B85C8373-8808-477B-B7E0-C6CB3E8CB28F} = {EBF58388-9CD6-4A98-9119-12092458D18F}
		{8861BD1A-D663-4E6D-A803-E3070C62187C} = {8F976B96-9546-4539-9F63-1CC77867FCF5}
		{7CECD2FF-9420-4041-A0AB-808668B7BDD1} = {8861BD1A-D663-4E6D-A803-E3070C62187C}
		{6A53E8DC-68B3-4B79-B07C-3DE37B571C8A} = {8F976B96-9546-4539-9F63-1CC77867FCF5}
		{DF3B21D3-8D02-4A00-9CF9-5CA621AF2855} = {6A53E8DC-68B3-4B79-B07C-3DE37B571C8A}
		{0EE6D44B-9946-4B74-B3C4-836CFB35B33E} = {6A53E8DC-68B3-4B79-B07C-3DE37B571C8A}
		{3A0D99C6-E6D0-45FE-A4C3-293F8847FC11} = {8861BD1A-D663-4E6D-A803-E3070C62187C}
		{C4FB785B-00D3-40FB-9841-A32AA93ABC3A} = {1467B3CA-37EE-4E3A-986C-EBD58D65709E}
		{6143547B-7DF8-4D42-B7C0-2CDC6CEA2074} = {C4FB785B-00D3-40FB-9841-A32AA93ABC3A}
		{09B8BECD-BF13-4AF8-8F77-2EDEFDE3A937} = {1467B3CA-37EE-4E3A-986C-EBD58D65709E}
		{593FEFF7-16A7-41B7-8166-359542D019D2} = {09B8BECD-BF13-4AF8-8F77-2EDEFDE3A937}
		{8698A122-A5BB-40D2-B477-C932A8B9FB50} = {09B8BECD-BF13-4AF8-8F77-2EDEFDE3A937}
		{B9C1952B-32CF-4082-B1DE-9E6D3BEDCDFD} = {1467B3CA-37EE-4E3A-986C-EBD58D65709E}
		{BE31360D-EB48-4C92-B2FC-B3A50545D198} = {B9C1952B-32CF-4082-B1DE-9E6D3BEDCDFD}
		{03C0E2AF-BF6C-432C-B721-8506DE0937BC} = {B9C1952B-32CF-4082-B1DE-9E6D3BEDCDFD}
	EndGlobalSection
	GlobalSection(ExtensibilityGlobals) = postSolution
		SolutionGuid = {573D966E-ED47-4692-8B82-834EC6ABAB37}
	EndGlobalSection
EndGlobal
